
Microsoft Visual Studio Solution File, Format Version 12.00
# Visual Studio Version 17
VisualStudioVersion = 17.8.34601.278
MinimumVisualStudioVersion = 10.0.40219.1
Project("{FAE04EC0-301F-11D3-BF4B-00C04F79EFBC}") = "MyORM", "MyORM\MyORM.csproj", "{C23E845E-847A-4404-90E7-68767832774E}"
EndProject
Global
	GlobalSection(SolutionConfigurationPlatforms) = preSolution
		Debug|Any CPU = Debug|Any CPU
		Release|Any CPU = Release|Any CPU
	EndGlobalSection
	GlobalSection(ProjectConfigurationPlatforms) = postSolution
		{C23E845E-847A-4404-90E7-68767832774E}.Debug|Any CPU.ActiveCfg = Debug|Any CPU
		{C23E845E-847A-4404-90E7-68767832774E}.Debug|Any CPU.Build.0 = Debug|Any CPU
		{C23E845E-847A-4404-90E7-68767832774E}.Release|Any CPU.ActiveCfg = Release|Any CPU
		{C23E845E-847A-4404-90E7-68767832774E}.Release|Any CPU.Build.0 = Release|Any CPU
	EndGlobalSection
	GlobalSection(SolutionProperties) = preSolution
		HideSolutionNode = FALSE
	EndGlobalSection
	GlobalSection(ExtensibilityGlobals) = postSolution
		SolutionGuid = {91065FB8-2E31-4B55-959D-B418484691BD}
	EndGlobalSection
EndGlobal
